
Microsoft Visual Studio Solution File, Format Version 12.00
# Visual Studio 2012
Project("{FAE04EC0-301F-11D3-BF4B-00C04F79EFBC}") = "task2_downhill_simplex", "task2_downhill_simplex\task2_downhill_simplex.csproj", "{C8D30961-89C5-40B7-BFDF-9B1B967344F6}"
EndProject
Global
	GlobalSection(SolutionConfigurationPlatforms) = preSolution
		Debug|Any CPU = Debug|Any CPU
		Release|Any CPU = Release|Any CPU
	EndGlobalSection
	GlobalSection(ProjectConfigurationPlatforms) = postSolution
		{C8D30961-89C5-40B7-BFDF-9B1B967344F6}.Debug|Any CPU.ActiveCfg = Debug|Any CPU
		{C8D30961-89C5-40B7-BFDF-9B1B967344F6}.Debug|Any CPU.Build.0 = Debug|Any CPU
		{C8D30961-89C5-40B7-BFDF-9B1B967344F6}.Release|Any CPU.ActiveCfg = Release|Any CPU
		{C8D30961-89C5-40B7-BFDF-9B1B967344F6}.Release|Any CPU.Build.0 = Release|Any CPU
	EndGlobalSection
	GlobalSection(SolutionProperties) = preSolution
		HideSolutionNode = FALSE
	EndGlobalSection
EndGlobal
